
Microsoft Visual Studio Solution File, Format Version 12.00
# Visual Studio 15
VisualStudioVersion = 15.0.28010.2048
MinimumVisualStudioVersion = 10.0.40219.1
Project("{FAE04EC0-301F-11D3-BF4B-00C04F79EFBC}") = "Game2048", "Game2048\Game2048.csproj", "{5D6C3CF5-49F4-46C9-9F54-8EE7D0B21275}"
EndProject
Global
	GlobalSection(SolutionConfigurationPlatforms) = preSolution
		Debug|Any CPU = Debug|Any CPU
		Release|Any CPU = Release|Any CPU
	EndGlobalSection
	GlobalSection(ProjectConfigurationPlatforms) = postSolution
		{5D6C3CF5-49F4-46C9-9F54-8EE7D0B21275}.Debug|Any CPU.ActiveCfg = Debug|Any CPU
		{5D6C3CF5-49F4-46C9-9F54-8EE7D0B21275}.Debug|Any CPU.Build.0 = Debug|Any CPU
		{5D6C3CF5-49F4-46C9-9F54-8EE7D0B21275}.Release|Any CPU.ActiveCfg = Release|Any CPU
		{5D6C3CF5-49F4-46C9-9F54-8EE7D0B21275}.Release|Any CPU.Build.0 = Release|Any CPU
	EndGlobalSection
	GlobalSection(SolutionProperties) = preSolution
		HideSolutionNode = FALSE
	EndGlobalSection
	GlobalSection(ExtensibilityGlobals) = postSolution
		SolutionGuid = {E41F34E1-1E40-454D-9C7D-EF876C372C8C}
	EndGlobalSection
EndGlobal
